# This file was autogenerated by Stack.
# You should not edit this file by hand.
# For more information, please see the documentation at:
#   https://docs.haskellstack.org/en/stable/lock_files

packages:
- completed:
    hackage: assert-0.0.1.2@sha256:d1839198cf04396641280154e766ea3340f6109849d9d243286256f5fa744754,1413
    pantry-tree:
      size: 279
      sha256: a00d6acfb5bd10a546e0436e9ac94343c42997214fec5f869d0a5b1edd4f24a0
  original:
    hackage: assert-0.0.1.2
snapshots:
- completed:
    size: 586110
    url: https://raw.githubusercontent.com/commercialhaskell/stackage-snapshots/master/lts/18/21.yaml
    sha256: ce4fb8d44f3c6c6032060a02e0ebb1bd29937c9a70101c1517b92a87d9515160
  original:
    url: https://raw.githubusercontent.com/commercialhaskell/stackage-snapshots/master/lts/18/21.yaml
