# This file was autogenerated by Stack.
# You should not edit this file by hand.
# For more information, please see the documentation at:
#   https://docs.haskellstack.org/en/stable/lock_files

packages:
- completed:
    hackage: assert-0.0.1.2@sha256:d1839198cf04396641280154e766ea3340f6109849d9d243286256f5fa744754,1413
    pantry-tree:
      size: 279
      sha256: a00d6acfb5bd10a546e0436e9ac94343c42997214fec5f869d0a5b1edd4f24a0
  original:
    hackage: assert-0.0.1.2
- completed:
    hackage: random-1.2.1@sha256:8bee24dc0c985a90ee78d94c61f8aed21c49633686f0f1c14c5078d818ee43a2,6598
    pantry-tree:
      size: 1528
      sha256: 8bdc994ce41f43624ab42302a881fe5a0f81d965f5d238841e24943664681a06
  original:
    hackage: random-1.2.1
- completed:
    hackage: bitwise-1.0.0.1@sha256:04c0e0c65a9228d9e004b5c4b08633b2f0e915afe8f3affc9bd16f75f92ccf61,3110
    pantry-tree:
      size: 760
      sha256: fe95409d2e77769965df68eade44e6eb5fcc63643a94e2645cd5db357670b20f
  original:
    hackage: bitwise-1.0.0.1
- completed:
    hackage: criterion-1.6.0.0@sha256:76280dace017fe1fab4dae35d57992a48e70a3cfcdb2a4563923cd2502a7268c,5403
    pantry-tree:
      size: 2398
      sha256: 68dc4a17a46b31782b7147969ac721a2d2c397b4353dbc5606c450686597f522
  original:
    hackage: criterion-1.6.0.0
- completed:
    hackage: criterion-measurement-0.2.0.0@sha256:8c6127b22a53aebc7d5a9dbf8fd870f128b93be3069fe7fed969e4c253cd9626,2121
    pantry-tree:
      size: 726
      sha256: ca5784038346b104cfc403bf48e8e78ab5b4afcbb0addbc01f9d67a74503714d
  original:
    hackage: criterion-measurement-0.2.0.0
snapshots:
- completed:
    size: 590102
    url: https://raw.githubusercontent.com/commercialhaskell/stackage-snapshots/master/lts/18/27.yaml
    sha256: 79a786674930a89301b0e908fad2822a48882f3d01486117693c377b8edffdbe
  original:
    url: https://raw.githubusercontent.com/commercialhaskell/stackage-snapshots/master/lts/18/27.yaml
